{
  "name": "open-402-directory",
  "lockfileVersion": 3,
  "requires": true,
  "packages": {
    "": {
      "name": "open-402-directory",
      "dependencies": {
        "agent-json-validate": "1.4.0",
        "ipaddr.js": "2.5.0"
      },
      "engines": {
        "node": ">=24.14.0"
      }
    },
    "node_modules/agent-json-validate": {
      "version": "1.4.0",
      "resolved": "https://registry.npmjs.org/agent-json-validate/-/agent-json-validate-1.4.0.tgz",
      "integrity": "sha512-sMTSQtsNp97inJ/pGHOfD5TTZQeRA/OzBxq8ko1XDrfU+WztHDxM6YCXlGjmvO3IjbPBxJSREJf7CP2r1IaO2g==",
      "license": "MIT",
      "bin": {
        "agent-json-validate": "validate.js"
      }
    },
    "node_modules/ipaddr.js": {
      "version": "2.5.0",
      "resolved": "https://registry.npmjs.org/ipaddr.js/-/ipaddr.js-2.5.0.tgz",
      "integrity": "sha512-aq+t5NAc+cS6rZQQVWC2x98CPqGtKKTMDd4Gaodv0wShnItdKg/51djkGJ1hqH+Oy0ivDftCbSLCQob8zso01w==",
      "license": "MIT",
      "engines": {
        "node": ">= 10"
      }
    }
  }
}
